
Microsoft Visual Studio Solution File, Format Version 12.00
# Visual Studio Version 17
VisualStudioVersion = 17.0.32126.317
MinimumVisualStudioVersion = 10.0.40219.1
Project("{FAE04EC0-301F-11D3-BF4B-00C04F79EFBC}") = "SortObject", "SortObject\SortObject.csproj", "{C08BE786-775D-4686-AEBA-4B8146BFCF1F}"
EndProject
Project("{FAE04EC0-301F-11D3-BF4B-00C04F79EFBC}") = "SortObjectTests", "SortObjectTests\SortObjectTests.csproj", "{E1A853F2-674D-444D-B364-23BA2AAE884D}"
EndProject
Global
	GlobalSection(SolutionConfigurationPlatforms) = preSolution
		Debug|Any CPU = Debug|Any CPU
		Release|Any CPU = Release|Any CPU
	EndGlobalSection
	GlobalSection(ProjectConfigurationPlatforms) = postSolution
		{C08BE786-775D-4686-AEBA-4B8146BFCF1F}.Debug|Any CPU.ActiveCfg = Debug|Any CPU
		{C08BE786-775D-4686-AEBA-4B8146BFCF1F}.Debug|Any CPU.Build.0 = Debug|Any CPU
		{C08BE786-775D-4686-AEBA-4B8146BFCF1F}.Release|Any CPU.ActiveCfg = Release|Any CPU
		{C08BE786-775D-4686-AEBA-4B8146BFCF1F}.Release|Any CPU.Build.0 = Release|Any CPU
		{E1A853F2-674D-444D-B364-23BA2AAE884D}.Debug|Any CPU.ActiveCfg = Debug|Any CPU
		{E1A853F2-674D-444D-B364-23BA2AAE884D}.Debug|Any CPU.Build.0 = Debug|Any CPU
		{E1A853F2-674D-444D-B364-23BA2AAE884D}.Release|Any CPU.ActiveCfg = Release|Any CPU
		{E1A853F2-674D-444D-B364-23BA2AAE884D}.Release|Any CPU.Build.0 = Release|Any CPU
	EndGlobalSection
	GlobalSection(SolutionProperties) = preSolution
		HideSolutionNode = FALSE
	EndGlobalSection
	GlobalSection(ExtensibilityGlobals) = postSolution
		SolutionGuid = {3038B949-1FCF-4AC9-A5DC-403D29082020}
	EndGlobalSection
EndGlobal
